Microsoft Visual Studio Solution File, Format Version 12.00
# Visual Studio Version 17
VisualStudioVersion = 17.5.2.0
MinimumVisualStudioVersion = 10.0.40219.1
Project("{FAE04EC0-301F-11D3-BF4B-00C04F79EFBC}") = "B2B_API", "B2B_API.csproj", "{8DD1A2FC-80D9-D40A-0FB7-604D72680DD9}"
EndProject
Global
	GlobalSection(SolutionConfigurationPlatforms) = preSolution
		Debug|Any CPU = Debug|Any CPU
		Release|Any CPU = Release|Any CPU
	EndGlobalSection
	GlobalSection(ProjectConfigurationPlatforms) = postSolution
		{8DD1A2FC-80D9-D40A-0FB7-604D72680DD9}.Debug|Any CPU.ActiveCfg = Debug|Any CPU
		{8DD1A2FC-80D9-D40A-0FB7-604D72680DD9}.Debug|Any CPU.Build.0 = Debug|Any CPU
		{8DD1A2FC-80D9-D40A-0FB7-604D72680DD9}.Release|Any CPU.ActiveCfg = Release|Any CPU
		{8DD1A2FC-80D9-D40A-0FB7-604D72680DD9}.Release|Any CPU.Build.0 = Release|Any CPU
	EndGlobalSection
	GlobalSection(SolutionProperties) = preSolution
		HideSolutionNode = FALSE
	EndGlobalSection
	GlobalSection(ExtensibilityGlobals) = postSolution
		SolutionGuid = {1EEDFBA0-B24A-4C52-9F7C-60B5150894E3}
	EndGlobalSection
EndGlobal
